
Microsoft Visual Studio Solution File, Format Version 12.00
# Visual Studio Version 17
VisualStudioVersion = 17.0.32112.339
MinimumVisualStudioVersion = 10.0.40219.1
Project("{FAE04EC0-301F-11D3-BF4B-00C04F79EFBC}") = "Proyecto_Pet_Vet_1", "Proyecto_Pet_Vet_1\Proyecto_Pet_Vet_1.csproj", "{47895059-1FE5-427D-ABC9-27113302BE95}"
EndProject
Global
	GlobalSection(SolutionConfigurationPlatforms) = preSolution
		Debug|Any CPU = Debug|Any CPU
		Release|Any CPU = Release|Any CPU
	EndGlobalSection
	GlobalSection(ProjectConfigurationPlatforms) = postSolution
		{47895059-1FE5-427D-ABC9-27113302BE95}.Debug|Any CPU.ActiveCfg = Debug|Any CPU
		{47895059-1FE5-427D-ABC9-27113302BE95}.Debug|Any CPU.Build.0 = Debug|Any CPU
		{47895059-1FE5-427D-ABC9-27113302BE95}.Release|Any CPU.ActiveCfg = Release|Any CPU
		{47895059-1FE5-427D-ABC9-27113302BE95}.Release|Any CPU.Build.0 = Release|Any CPU
	EndGlobalSection
	GlobalSection(SolutionProperties) = preSolution
		HideSolutionNode = FALSE
	EndGlobalSection
	GlobalSection(ExtensibilityGlobals) = postSolution
		SolutionGuid = {A6378A38-F39B-472B-B6D0-13C2A4BD1CB7}
	EndGlobalSection
EndGlobal
